# This file is automatically @generated by Cargo.
# It is not intended for manual editing.
version = 3

[[package]]
name = "numeric-enum-macro"
version = "0.2.0"
source = "registry+https://github.com/rust-lang/crates.io-index"
checksum = "300e4bdb6b46b592948e700ea1ef24a4296491f6a0ee722b258040abd15a3714"

[[package]]
name = "signal"
version = "0.1.0"
source = "git+https://github.com/shiwenlong12/signal#036800862a3c8de14ee2ecc6074174e6f0d96787"
dependencies = [
 "signal-defs",
]

[[package]]
name = "signal-defs"
version = "0.1.0"
source = "git+https://github.com/shiwenlong12/signal-defs#c2b3e1f986e9f4961c794c2654a4d0001e8c5359"
dependencies = [
 "numeric-enum-macro",
]

[[package]]
name = "signal-impl"
version = "0.1.0"
dependencies = [
 "signal",
]
